
Microsoft Visual Studio Solution File, Format Version 12.00
# Visual Studio 15
VisualStudioVersion = 15.0.26823.1
MinimumVisualStudioVersion = 10.0.40219.1
Project("{FAE04EC0-301F-11D3-BF4B-00C04F79EFBC}") = "Open.WinKeyboardHook.UWP", "source\Open.WinKeyboardHook.UWP\Open.WinKeyboardHook.UWP.csproj", "{E292F01E-7DA8-4DD2-85CF-9F35F70A59E4}"
EndProject
Project("{FAE04EC0-301F-11D3-BF4B-00C04F79EFBC}") = "Open.WinKeyboardHook", "source\Open.WinKeyboardHook\Open.WinKeyboardHook.csproj", "{F5C417E4-4D16-437A-A0E1-BC61D146BB5D}"
EndProject
Global
	GlobalSection(SolutionConfigurationPlatforms) = preSolution
		Debug|Any CPU = Debug|Any CPU
		Debug|ARM = Debug|ARM
		Debug|x64 = Debug|x64
		Debug|x86 = Debug|x86
		Release|Any CPU = Release|Any CPU
		Release|ARM = Release|ARM
		Release|x64 = Release|x64
		Release|x86 = Release|x86
	EndGlobalSection
	GlobalSection(ProjectConfigurationPlatforms) = postSolution
		{E292F01E-7DA8-4DD2-85CF-9F35F70A59E4}.Debug|Any CPU.ActiveCfg = Debug|Any CPU
		{E292F01E-7DA8-4DD2-85CF-9F35F70A59E4}.Debug|Any CPU.Build.0 = Debug|Any CPU
		{E292F01E-7DA8-4DD2-85CF-9F35F70A59E4}.Debug|ARM.ActiveCfg = Debug|ARM
		{E292F01E-7DA8-4DD2-85CF-9F35F70A59E4}.Debug|ARM.Build.0 = Debug|ARM
		{E292F01E-7DA8-4DD2-85CF-9F35F70A59E4}.Debug|x64.ActiveCfg = Debug|x64
		{E292F01E-7DA8-4DD2-85CF-9F35F70A59E4}.Debug|x64.Build.0 = Debug|x64
		{E292F01E-7DA8-4DD2-85CF-9F35F70A59E4}.Debug|x86.ActiveCfg = Debug|x86
		{E292F01E-7DA8-4DD2-85CF-9F35F70A59E4}.Debug|x86.Build.0 = Debug|x86
		{E292F01E-7DA8-4DD2-85CF-9F35F70A59E4}.Release|Any CPU.ActiveCfg = Release|Any CPU
		{E292F01E-7DA8-4DD2-85CF-9F35F70A59E4}.Release|Any CPU.Build.0 = Release|Any CPU
		{E292F01E-7DA8-4DD2-85CF-9F35F70A59E4}.Release|ARM.ActiveCfg = Release|ARM
		{E292F01E-7DA8-4DD2-85CF-9F35F70A59E4}.Release|ARM.Build.0 = Release|ARM
		{E292F01E-7DA8-4DD2-85CF-9F35F70A59E4}.Release|x64.ActiveCfg = Release|x64
		{E292F01E-7DA8-4DD2-85CF-9F35F70A59E4}.Release|x64.Build.0 = Release|x64
		{E292F01E-7DA8-4DD2-85CF-9F35F70A59E4}.Release|x86.ActiveCfg = Release|x86
		{E292F01E-7DA8-4DD2-85CF-9F35F70A59E4}.Release|x86.Build.0 = Release|x86
		{F5C417E4-4D16-437A-A0E1-BC61D146BB5D}.Debug|Any CPU.ActiveCfg = Debug|Any CPU
		{F5C417E4-4D16-437A-A0E1-BC61D146BB5D}.Debug|Any CPU.Build.0 = Debug|Any CPU
		{F5C417E4-4D16-437A-A0E1-BC61D146BB5D}.Debug|ARM.ActiveCfg = Debug|Any CPU
		{F5C417E4-4D16-437A-A0E1-BC61D146BB5D}.Debug|ARM.Build.0 = Debug|Any CPU
		{F5C417E4-4D16-437A-A0E1-BC61D146BB5D}.Debug|x64.ActiveCfg = Debug|Any CPU
		{F5C417E4-4D16-437A-A0E1-BC61D146BB5D}.Debug|x64.Build.0 = Debug|Any CPU
		{F5C417E4-4D16-437A-A0E1-BC61D146BB5D}.Debug|x86.ActiveCfg = Debug|Any CPU
		{F5C417E4-4D16-437A-A0E1-BC61D146BB5D}.Debug|x86.Build.0 = Debug|Any CPU
		{F5C417E4-4D16-437A-A0E1-BC61D146BB5D}.Release|Any CPU.ActiveCfg = Release|Any CPU
		{F5C417E4-4D16-437A-A0E1-BC61D146BB5D}.Release|Any CPU.Build.0 = Release|Any CPU
		{F5C417E4-4D16-437A-A0E1-BC61D146BB5D}.Release|ARM.ActiveCfg = Release|Any CPU
		{F5C417E4-4D16-437A-A0E1-BC61D146BB5D}.Release|ARM.Build.0 = Release|Any CPU
		{F5C417E4-4D16-437A-A0E1-BC61D146BB5D}.Release|x64.ActiveCfg = Release|Any CPU
		{F5C417E4-4D16-437A-A0E1-BC61D146BB5D}.Release|x64.Build.0 = Release|Any CPU
		{F5C417E4-4D16-437A-A0E1-BC61D146BB5D}.Release|x86.ActiveCfg = Release|Any CPU
		{F5C417E4-4D16-437A-A0E1-BC61D146BB5D}.Release|x86.Build.0 = Release|Any CPU
	EndGlobalSection
	GlobalSection(SolutionProperties) = preSolution
		HideSolutionNode = FALSE
	EndGlobalSection
	GlobalSection(ExtensibilityGlobals) = postSolution
		SolutionGuid = {6B513A97-36D6-4D35-922C-0448A4F260EF}
	EndGlobalSection
EndGlobal
